
Microsoft Visual Studio Solution File, Format Version 11.00
# Visual Studio 2010
Project("{FAE04EC0-301F-11D3-BF4B-00C04F79EFBC}") = "Assembly-CSharp", "Assembly-CSharp.csproj", "{73869c9a-8b71-1121-fbb5-5888bb233c6b}"
EndProject
Project("{FAE04EC0-301F-11D3-BF4B-00C04F79EFBC}") = "Assembly-CSharp-firstpass", "Assembly-CSharp-firstpass.csproj", "{5cc86a76-c442-761c-2801-67d280af8ad5}"
EndProject
Global
	GlobalSection(SolutionConfigurationPlatforms) = preSolution
		Debug|Any CPU = Debug|Any CPU
	EndGlobalSection
	GlobalSection(ProjectConfigurationPlatforms) = postSolution
		{73869c9a-8b71-1121-fbb5-5888bb233c6b}.Debug|Any CPU.ActiveCfg = Debug|Any CPU
		{73869c9a-8b71-1121-fbb5-5888bb233c6b}.Debug|Any CPU.Build.0 = Debug|Any CPU
		{5cc86a76-c442-761c-2801-67d280af8ad5}.Debug|Any CPU.ActiveCfg = Debug|Any CPU
		{5cc86a76-c442-761c-2801-67d280af8ad5}.Debug|Any CPU.Build.0 = Debug|Any CPU
	EndGlobalSection
	GlobalSection(SolutionProperties) = preSolution
		HideSolutionNode = FALSE
	EndGlobalSection
EndGlobal
